
Microsoft Visual Studio Solution File, Format Version 12.00
# Visual Studio Version 17
VisualStudioVersion = 17.7.34018.315
MinimumVisualStudioVersion = 10.0.40219.1
Project("{9A19103F-16F7-4668-BE54-9A1E7A4F7556}") = "VariablesAndOperators", "VariablesAndOperators\VariablesAndOperators.csproj", "{F11D4020-3167-4386-9783-DEEE369C5B0E}"
EndProject
Project("{9A19103F-16F7-4668-BE54-9A1E7A4F7556}") = "BooleanTypeAndOperators", "BooleanTypeAndOperators\BooleanTypeAndOperators.csproj", "{7AE59FFB-3B1D-40B1-8A2A-40DFCEB8782F}"
EndProject
Project("{9A19103F-16F7-4668-BE54-9A1E7A4F7556}") = "IfElseConditionalStatement", "IfElseConditionalStatement\IfElseConditionalStatement.csproj", "{235CBA0E-4E98-412D-B353-7657CBCA9D48}"
EndProject
Project("{9A19103F-16F7-4668-BE54-9A1E7A4F7556}") = "MethodsAbsoluteOfSumMethod", "Methods-AbsoluteOfSumMethod\MethodsAbsoluteOfSumMethod.csproj", "{514AA5B3-A4C1-4125-8926-6A575D8A38B6}"
EndProject
Global
	GlobalSection(SolutionConfigurationPlatforms) = preSolution
		Debug|Any CPU = Debug|Any CPU
		Release|Any CPU = Release|Any CPU
	EndGlobalSection
	GlobalSection(ProjectConfigurationPlatforms) = postSolution
		{F11D4020-3167-4386-9783-DEEE369C5B0E}.Debug|Any CPU.ActiveCfg = Debug|Any CPU
		{F11D4020-3167-4386-9783-DEEE369C5B0E}.Debug|Any CPU.Build.0 = Debug|Any CPU
		{F11D4020-3167-4386-9783-DEEE369C5B0E}.Release|Any CPU.ActiveCfg = Release|Any CPU
		{F11D4020-3167-4386-9783-DEEE369C5B0E}.Release|Any CPU.Build.0 = Release|Any CPU
		{7AE59FFB-3B1D-40B1-8A2A-40DFCEB8782F}.Debug|Any CPU.ActiveCfg = Debug|Any CPU
		{7AE59FFB-3B1D-40B1-8A2A-40DFCEB8782F}.Debug|Any CPU.Build.0 = Debug|Any CPU
		{7AE59FFB-3B1D-40B1-8A2A-40DFCEB8782F}.Release|Any CPU.ActiveCfg = Release|Any CPU
		{7AE59FFB-3B1D-40B1-8A2A-40DFCEB8782F}.Release|Any CPU.Build.0 = Release|Any CPU
		{235CBA0E-4E98-412D-B353-7657CBCA9D48}.Debug|Any CPU.ActiveCfg = Debug|Any CPU
		{235CBA0E-4E98-412D-B353-7657CBCA9D48}.Debug|Any CPU.Build.0 = Debug|Any CPU
		{235CBA0E-4E98-412D-B353-7657CBCA9D48}.Release|Any CPU.ActiveCfg = Release|Any CPU
		{235CBA0E-4E98-412D-B353-7657CBCA9D48}.Release|Any CPU.Build.0 = Release|Any CPU
		{514AA5B3-A4C1-4125-8926-6A575D8A38B6}.Debug|Any CPU.ActiveCfg = Debug|Any CPU
		{514AA5B3-A4C1-4125-8926-6A575D8A38B6}.Debug|Any CPU.Build.0 = Debug|Any CPU
		{514AA5B3-A4C1-4125-8926-6A575D8A38B6}.Release|Any CPU.ActiveCfg = Release|Any CPU
		{514AA5B3-A4C1-4125-8926-6A575D8A38B6}.Release|Any CPU.Build.0 = Release|Any CPU
	EndGlobalSection
	GlobalSection(SolutionProperties) = preSolution
		HideSolutionNode = FALSE
	EndGlobalSection
	GlobalSection(ExtensibilityGlobals) = postSolution
		SolutionGuid = {6A5CAC3F-2D5C-48FD-956E-68978C148B1D}
	EndGlobalSection
EndGlobal
